
Microsoft Visual Studio Solution File, Format Version 12.00
# Visual Studio 15
VisualStudioVersion = 15.0.27130.2010
MinimumVisualStudioVersion = 10.0.40219.1
Project("{9A19103F-16F7-4668-BE54-9A1E7A4F7556}") = "JsonDiff", "JsonDiff\JsonDiff.csproj", "{0526D7F9-0409-4DFA-9C8C-3DCF0D18C8C6}"
EndProject
Project("{9A19103F-16F7-4668-BE54-9A1E7A4F7556}") = "JsonDiff.Tests", "JsonDiff.Tests\JsonDiff.Tests.csproj", "{7E31D78A-677D-4C99-9EE6-9DEF399E822D}"
EndProject
Global
	GlobalSection(SolutionConfigurationPlatforms) = preSolution
		Debug|Any CPU = Debug|Any CPU
		Release|Any CPU = Release|Any CPU
	EndGlobalSection
	GlobalSection(ProjectConfigurationPlatforms) = postSolution
		{0526D7F9-0409-4DFA-9C8C-3DCF0D18C8C6}.Debug|Any CPU.ActiveCfg = Debug|Any CPU
		{0526D7F9-0409-4DFA-9C8C-3DCF0D18C8C6}.Debug|Any CPU.Build.0 = Debug|Any CPU
		{0526D7F9-0409-4DFA-9C8C-3DCF0D18C8C6}.Release|Any CPU.ActiveCfg = Release|Any CPU
		{0526D7F9-0409-4DFA-9C8C-3DCF0D18C8C6}.Release|Any CPU.Build.0 = Release|Any CPU
		{7E31D78A-677D-4C99-9EE6-9DEF399E822D}.Debug|Any CPU.ActiveCfg = Debug|Any CPU
		{7E31D78A-677D-4C99-9EE6-9DEF399E822D}.Debug|Any CPU.Build.0 = Debug|Any CPU
		{7E31D78A-677D-4C99-9EE6-9DEF399E822D}.Release|Any CPU.ActiveCfg = Release|Any CPU
		{7E31D78A-677D-4C99-9EE6-9DEF399E822D}.Release|Any CPU.Build.0 = Release|Any CPU
	EndGlobalSection
	GlobalSection(SolutionProperties) = preSolution
		HideSolutionNode = FALSE
	EndGlobalSection
	GlobalSection(ExtensibilityGlobals) = postSolution
		SolutionGuid = {15AFAB2D-4D49-4530-9A18-1DBA3AC3328C}
	EndGlobalSection
EndGlobal
